
Microsoft Visual Studio Solution File, Format Version 12.00
# Visual Studio Version 17
VisualStudioVersion = 17.3.32922.545
MinimumVisualStudioVersion = 10.0.40219.1
Project("{8BC9CEB8-8B4A-11D0-8D11-00A0C91BC942}") = "operators_overloading", "operators_overloading\operators_overloading.vcxproj", "{8C9A849D-C9B8-4033-9476-D40AC518668B}"
EndProject
Global
	GlobalSection(SolutionConfigurationPlatforms) = preSolution
		Debug|x64 = Debug|x64
		Debug|x86 = Debug|x86
		Release|x64 = Release|x64
		Release|x86 = Release|x86
	EndGlobalSection
	GlobalSection(ProjectConfigurationPlatforms) = postSolution
		{8C9A849D-C9B8-4033-9476-D40AC518668B}.Debug|x64.ActiveCfg = Debug|x64
		{8C9A849D-C9B8-4033-9476-D40AC518668B}.Debug|x64.Build.0 = Debug|x64
		{8C9A849D-C9B8-4033-9476-D40AC518668B}.Debug|x86.ActiveCfg = Debug|Win32
		{8C9A849D-C9B8-4033-9476-D40AC518668B}.Debug|x86.Build.0 = Debug|Win32
		{8C9A849D-C9B8-4033-9476-D40AC518668B}.Release|x64.ActiveCfg = Release|x64
		{8C9A849D-C9B8-4033-9476-D40AC518668B}.Release|x64.Build.0 = Release|x64
		{8C9A849D-C9B8-4033-9476-D40AC518668B}.Release|x86.ActiveCfg = Release|Win32
		{8C9A849D-C9B8-4033-9476-D40AC518668B}.Release|x86.Build.0 = Release|Win32
	EndGlobalSection
	GlobalSection(SolutionProperties) = preSolution
		HideSolutionNode = FALSE
	EndGlobalSection
	GlobalSection(ExtensibilityGlobals) = postSolution
		SolutionGuid = {F3916BCA-858B-4771-9AF8-EB56E1F8E091}
	EndGlobalSection
EndGlobal
