
Microsoft Visual Studio Solution File, Format Version 12.00
# Visual Studio Version 17
VisualStudioVersion = 17.3.32922.545
MinimumVisualStudioVersion = 10.0.40219.1
Project("{8BC9CEB8-8B4A-11D0-8D11-00A0C91BC942}") = "diamond_problem", "diamond_problem\diamond_problem.vcxproj", "{C4BFD149-7736-4793-B72C-F6292D9E3D4B}"
EndProject
Global
	GlobalSection(SolutionConfigurationPlatforms) = preSolution
		Debug|x64 = Debug|x64
		Debug|x86 = Debug|x86
		Release|x64 = Release|x64
		Release|x86 = Release|x86
	EndGlobalSection
	GlobalSection(ProjectConfigurationPlatforms) = postSolution
		{C4BFD149-7736-4793-B72C-F6292D9E3D4B}.Debug|x64.ActiveCfg = Debug|x64
		{C4BFD149-7736-4793-B72C-F6292D9E3D4B}.Debug|x64.Build.0 = Debug|x64
		{C4BFD149-7736-4793-B72C-F6292D9E3D4B}.Debug|x86.ActiveCfg = Debug|Win32
		{C4BFD149-7736-4793-B72C-F6292D9E3D4B}.Debug|x86.Build.0 = Debug|Win32
		{C4BFD149-7736-4793-B72C-F6292D9E3D4B}.Release|x64.ActiveCfg = Release|x64
		{C4BFD149-7736-4793-B72C-F6292D9E3D4B}.Release|x64.Build.0 = Release|x64
		{C4BFD149-7736-4793-B72C-F6292D9E3D4B}.Release|x86.ActiveCfg = Release|Win32
		{C4BFD149-7736-4793-B72C-F6292D9E3D4B}.Release|x86.Build.0 = Release|Win32
	EndGlobalSection
	GlobalSection(SolutionProperties) = preSolution
		HideSolutionNode = FALSE
	EndGlobalSection
	GlobalSection(ExtensibilityGlobals) = postSolution
		SolutionGuid = {E6BC5E53-360E-4E92-8C7D-2DC4D1F1C1BA}
	EndGlobalSection
EndGlobal
